// !$*UTF8*$!
{
	archiveVersion = 1;
	classes = {
	};
	objectVersion = 55;
	objects = {

/* Begin PBXBuildFile section */
		B527BF11281F614C00AFA8DA /* Just_A_GuideApp.swift in Sources */ = {isa = PBXBuildFile; fileRef = B527BF10281F614C00AFA8DA /* Just_A_GuideApp.swift */; };
		B527BF13281F614C00AFA8DA /* ContentView.swift in Sources */ = {isa = PBXBuildFile; fileRef = B527BF12281F614C00AFA8DA /* ContentView.swift */; };
		B527BF15281F614D00AFA8DA /* Assets.xcassets in Resources */ = {isa = PBXBuildFile; fileRef = B527BF14281F614D00AFA8DA /* Assets.xcassets */; };
		B527BF18281F614D00AFA8DA /* Preview Assets.xcassets in Resources */ = {isa = PBXBuildFile; fileRef = B527BF17281F614D00AFA8DA /* Preview Assets.xcassets */; };
		B527BF1A281F614D00AFA8DA /* Persistence.swift in Sources */ = {isa = PBXBuildFile; fileRef = B527BF19281F614D00AFA8DA /* Persistence.swift */; };
		B527BF1D281F614D00AFA8DA /* Just_A_Guide.xcdatamodeld in Sources */ = {isa = PBXBuildFile; fileRef = B527BF1B281F614D00AFA8DA /* Just_A_Guide.xcdatamodeld */; };
/* End PBXBuildFile section */

/* Begin PBXFileReference section */
		B527BF0D281F614C00AFA8DA /* Just-A-Guide.app */ = {isa = PBXFileReference; explicitFileType = wrapper.application; includeInIndex = 0; path = "Just-A-Guide.app"; sourceTree = BUILT_PRODUCTS_DIR; };
		B527BF10281F614C00AFA8DA /* Just_A_GuideApp.swift */ = {isa = PBXFileReference; lastKnownFileType = sourcecode.swift; path = Just_A_GuideApp.swift; sourceTree = "<group>"; };
		B527BF12281F614C00AFA8DA /* ContentView.swift */ = {isa = PBXFileReference; lastKnownFileType = sourcecode.swift; path = ContentView.swift; sourceTree = "<group>"; };
		B527BF14281F614D00AFA8DA /* Assets.xcassets */ = {isa = PBXFileReference; lastKnownFileType = folder.assetcatalog; path = Assets.xcassets; sourceTree = "<group>"; };
		B527BF17281F614D00AFA8DA /* Preview Assets.xcassets */ = {isa = PBXFileReference; lastKnownFileType = folder.assetcatalog; path = "Preview Assets.xcassets"; sourceTree = "<group>"; };
		B527BF19281F614D00AFA8DA /* Persistence.swift */ = {isa = PBXFileReference; lastKnownFileType = sourcecode.swift; path = Persistence.swift; sourceTree = "<group>"; };
		B527BF1C281F614D00AFA8DA /* Just_A_Guide.xcdatamodel */ = {isa = PBXFileReference; lastKnownFileType = wrapper.xcdatamodel; path = Just_A_Guide.xcdatamodel; sourceTree = "<group>"; };
/* End PBXFileReference section */

/* Begin PBXFrameworksBuildPhase section */
		B527BF0A281F614C00AFA8DA /* Frameworks */ = {
			isa = PBXFrameworksBuildPhase;
			buildActionMask = 2147483647;
			files = (
			);
			runOnlyForDeploymentPostprocessing = 0;
		};
/* End PBXFrameworksBuildPhase section */

/* Begin PBXGroup section */
		B527BF04281F614C00AFA8DA = {
			isa = PBXGroup;
			children = (
				B527BF0F281F614C00AFA8DA /* Just-A-Guide */,
				B527BF0E281F614C00AFA8DA /* Products */,
			);
			sourceTree = "<group>";
		};
		B527BF0E281F614C00AFA8DA /* Products */ = {
			isa = PBXGroup;
			children = (
				B527BF0D281F614C00AFA8DA /* Just-A-Guide.app */,
			);
			name = Products;
			sourceTree = "<group>";
		};
		B527BF0F281F614C00AFA8DA /* Just-A-Guide */ = {
			isa = PBXGroup;
			children = (
				B527BF26281F654900AFA8DA /* Network */,
				B527BF25281F64FD00AFA8DA /* Screens */,
				B527BF24281F64F900AFA8DA /* Global */,
				B527BF23281F64F300AFA8DA /* Resource */,
				B527BF16281F614D00AFA8DA /* Preview Content */,
			);
			path = "Just-A-Guide";
			sourceTree = "<group>";
		};
		B527BF16281F614D00AFA8DA /* Preview Content */ = {
			isa = PBXGroup;
			children = (
				B527BF17281F614D00AFA8DA /* Preview Assets.xcassets */,
			);
			path = "Preview Content";
			sourceTree = "<group>";
		};
		B527BF23281F64F300AFA8DA /* Resource */ = {
			isa = PBXGroup;
			children = (
				B527BF2C281F65E900AFA8DA /* Fonts */,
				B527BF14281F614D00AFA8DA /* Assets.xcassets */,
			);
			path = Resource;
			sourceTree = "<group>";
		};
		B527BF24281F64F900AFA8DA /* Global */ = {
			isa = PBXGroup;
			children = (
				B527BF2B281F65D900AFA8DA /* Literal */,
				B527BF2A281F65D500AFA8DA /* Extension */,
				B527BF29281F65CF00AFA8DA /* UIComponent */,
			);
			path = Global;
			sourceTree = "<group>";
		};
		B527BF25281F64FD00AFA8DA /* Screens */ = {
			isa = PBXGroup;
			children = (
				B527BF10281F614C00AFA8DA /* Just_A_GuideApp.swift */,
				B527BF12281F614C00AFA8DA /* ContentView.swift */,
				B527BF2F281F677600AFA8DA /* MyComponent */,
				B527BF2E281F677000AFA8DA /* Canvas */,
				B527BF2D281F666900AFA8DA /* Factory */,
			);
			path = Screens;
			sourceTree = "<group>";
		};
		B527BF26281F654900AFA8DA /* Network */ = {
			isa = PBXGroup;
			children = (
				B527BF19281F614D00AFA8DA /* Persistence.swift */,
				B527BF28281F656100AFA8DA /* Storage */,
				B527BF27281F655A00AFA8DA /* Models */,
			);
			path = Network;
			sourceTree = "<group>";
		};
		B527BF27281F655A00AFA8DA /* Models */ = {
			isa = PBXGroup;
			children = (
			);
			path = Models;
			sourceTree = "<group>";
		};
		B527BF28281F656100AFA8DA /* Storage */ = {
			isa = PBXGroup;
			children = (
				B527BF1B281F614D00AFA8DA /* Just_A_Guide.xcdatamodeld */,
			);
			path = Storage;
			sourceTree = "<group>";
		};
		B527BF29281F65CF00AFA8DA /* UIComponent */ = {
			isa = PBXGroup;
			children = (
			);
			path = UIComponent;
			sourceTree = "<group>";
		};
		B527BF2A281F65D500AFA8DA /* Extension */ = {
			isa = PBXGroup;
			children = (
			);
			path = Extension;
			sourceTree = "<group>";
		};
		B527BF2B281F65D900AFA8DA /* Literal */ = {
			isa = PBXGroup;
			children = (
			);
			path = Literal;
			sourceTree = "<group>";
		};
		B527BF2C281F65E900AFA8DA /* Fonts */ = {
			isa = PBXGroup;
			children = (
			);
			path = Fonts;
			sourceTree = "<group>";
		};
		B527BF2D281F666900AFA8DA /* Factory */ = {
			isa = PBXGroup;
			children = (
			);
			path = Factory;
			sourceTree = "<group>";
		};
		B527BF2E281F677000AFA8DA /* Canvas */ = {
			isa = PBXGroup;
			children = (
			);
			path = Canvas;
			sourceTree = "<group>";
		};
		B527BF2F281F677600AFA8DA /* MyComponent */ = {
			isa = PBXGroup;
			children = (
			);
			path = MyComponent;
			sourceTree = "<group>";
		};
/* End PBXGroup section */

/* Begin PBXNativeTarget section */
		B527BF0C281F614C00AFA8DA /* Just-A-Guide */ = {
			isa = PBXNativeTarget;
			buildConfigurationList = B527BF20281F614D00AFA8DA /* Build configuration list for PBXNativeTarget "Just-A-Guide" */;
			buildPhases = (
				B527BF09281F614C00AFA8DA /* Sources */,
				B527BF0A281F614C00AFA8DA /* Frameworks */,
				B527BF0B281F614C00AFA8DA /* Resources */,
			);
			buildRules = (
			);
			dependencies = (
			);
			name = "Just-A-Guide";
			productName = "Just-A-Guide";
			productReference = B527BF0D281F614C00AFA8DA /* Just-A-Guide.app */;
			productType = "com.apple.product-type.application";
		};
/* End PBXNativeTarget section */

/* Begin PBXProject section */
		B527BF05281F614C00AFA8DA /* Project object */ = {
			isa = PBXProject;
			attributes = {
				BuildIndependentTargetsInParallel = 1;
				LastSwiftUpdateCheck = 1320;
				LastUpgradeCheck = 1320;
				TargetAttributes = {
					B527BF0C281F614C00AFA8DA = {
						CreatedOnToolsVersion = 13.2.1;
					};
				};
			};
			buildConfigurationList = B527BF08281F614C00AFA8DA /* Build configuration list for PBXProject "Just-A-Guide" */;
			compatibilityVersion = "Xcode 13.0";
			developmentRegion = en;
			hasScannedForEncodings = 0;
			knownRegions = (
				en,
				Base,
			);
			mainGroup = B527BF04281F614C00AFA8DA;
			productRefGroup = B527BF0E281F614C00AFA8DA /* Products */;
			projectDirPath = "";
			projectRoot = "";
			targets = (
				B527BF0C281F614C00AFA8DA /* Just-A-Guide */,
			);
		};
/* End PBXProject section */

/* Begin PBXResourcesBuildPhase section */
		B527BF0B281F614C00AFA8DA /* Resources */ = {
			isa = PBXResourcesBuildPhase;
			buildActionMask = 2147483647;
			files = (
				B527BF18281F614D00AFA8DA /* Preview Assets.xcassets in Resources */,
				B527BF15281F614D00AFA8DA /* Assets.xcassets in Resources */,
			);
			runOnlyForDeploymentPostprocessing = 0;
		};
/* End PBXResourcesBuildPhase section */

/* Begin PBXSourcesBuildPhase section */
		B527BF09281F614C00AFA8DA /* Sources */ = {
			isa = PBXSourcesBuildPhase;
			buildActionMask = 2147483647;
			files = (
				B527BF1D281F614D00AFA8DA /* Just_A_Guide.xcdatamodeld in Sources */,
				B527BF1A281F614D00AFA8DA /* Persistence.swift in Sources */,
				B527BF13281F614C00AFA8DA /* ContentView.swift in Sources */,
				B527BF11281F614C00AFA8DA /* Just_A_GuideApp.swift in Sources */,
			);
			runOnlyForDeploymentPostprocessing = 0;
		};
/* End PBXSourcesBuildPhase section */

/* Begin XCBuildConfiguration section */
		B527BF1E281F614D00AFA8DA /* Debug */ = {
			isa = XCBuildConfiguration;
			buildSettings = {
				ALWAYS_SEARCH_USER_PATHS = NO;
				CLANG_ANALYZER_NONNULL = YES;
				CLANG_ANALYZER_NUMBER_OBJECT_CONVERSION = YES_AGGRESSIVE;
				CLANG_CXX_LANGUAGE_STANDARD = "gnu++17";
				CLANG_CXX_LIBRARY = "libc++";
				CLANG_ENABLE_MODULES = YES;
				CLANG_ENABLE_OBJC_ARC = YES;
				CLANG_ENABLE_OBJC_WEAK = YES;
				CLANG_WARN_BLOCK_CAPTURE_AUTORELEASING = YES;
				CLANG_WARN_BOOL_CONVERSION = YES;
				CLANG_WARN_COMMA = YES;
				CLANG_WARN_CONSTANT_CONVERSION = YES;
				CLANG_WARN_DEPRECATED_OBJC_IMPLEMENTATIONS = YES;
				CLANG_WARN_DIRECT_OBJC_ISA_USAGE = YES_ERROR;
				CLANG_WARN_DOCUMENTATION_COMMENTS = YES;
				CLANG_WARN_EMPTY_BODY = YES;
				CLANG_WARN_ENUM_CONVERSION = YES;
				CLANG_WARN_INFINITE_RECURSION = YES;
				CLANG_WARN_INT_CONVERSION = YES;
				CLANG_WARN_NON_LITERAL_NULL_CONVERSION = YES;
				CLANG_WARN_OBJC_IMPLICIT_RETAIN_SELF = YES;
				CLANG_WARN_OBJC_LITERAL_CONVERSION = YES;
				CLANG_WARN_OBJC_ROOT_CLASS = YES_ERROR;
				CLANG_WARN_QUOTED_INCLUDE_IN_FRAMEWORK_HEADER = YES;
				CLANG_WARN_RANGE_LOOP_ANALYSIS = YES;
				CLANG_WARN_STRICT_PROTOTYPES = YES;
				CLANG_WARN_SUSPICIOUS_MOVE = YES;
				CLANG_WARN_UNGUARDED_AVAILABILITY = YES_AGGRESSIVE;
				CLANG_WARN_UNREACHABLE_CODE = YES;
				CLANG_WARN__DUPLICATE_METHOD_MATCH = YES;
				COPY_PHASE_STRIP = NO;
				DEBUG_INFORMATION_FORMAT = dwarf;
				ENABLE_STRICT_OBJC_MSGSEND = YES;
				ENABLE_TESTABILITY = YES;
				GCC_C_LANGUAGE_STANDARD = gnu11;
				GCC_DYNAMIC_NO_PIC = NO;
				GCC_NO_COMMON_BLOCKS = YES;
				GCC_OPTIMIZATION_LEVEL = 0;
				GCC_PREPROCESSOR_DEFINITIONS = (
					"DEBUG=1",
					"$(inherited)",
				);
				GCC_WARN_64_TO_32_BIT_CONVERSION = YES;
				GCC_WARN_ABOUT_RETURN_TYPE = YES_ERROR;
				GCC_WARN_UNDECLARED_SELECTOR = YES;
				GCC_WARN_UNINITIALIZED_AUTOS = YES_AGGRESSIVE;
				GCC_WARN_UNUSED_FUNCTION = YES;
				GCC_WARN_UNUSED_VARIABLE = YES;
				IPHONEOS_DEPLOYMENT_TARGET = 15.2;
				MTL_ENABLE_DEBUG_INFO = INCLUDE_SOURCE;
				MTL_FAST_MATH = YES;
				ONLY_ACTIVE_ARCH = YES;
				SDKROOT = iphoneos;
				SWIFT_ACTIVE_COMPILATION_CONDITIONS = DEBUG;
				SWIFT_OPTIMIZATION_LEVEL = "-Onone";
			};
			name = Debug;
		};
		B527BF1F281F614D00AFA8DA /* Release */ = {
			isa = XCBuildConfiguration;
			buildSettings = {
				ALWAYS_SEARCH_USER_PATHS = NO;
				CLANG_ANALYZER_NONNULL = YES;
				CLANG_ANALYZER_NUMBER_OBJECT_CONVERSION = YES_AGGRESSIVE;
				CLANG_CXX_LANGUAGE_STANDARD = "gnu++17";
				CLANG_CXX_LIBRARY = "libc++";
				CLANG_ENABLE_MODULES = YES;
				CLANG_ENABLE_OBJC_ARC = YES;
				CLANG_ENABLE_OBJC_WEAK = YES;
				CLANG_WARN_BLOCK_CAPTURE_AUTORELEASING = YES;
				CLANG_WARN_BOOL_CONVERSION = YES;
				CLANG_WARN_COMMA = YES;
				CLANG_WARN_CONSTANT_CONVERSION = YES;
				CLANG_WARN_DEPRECATED_OBJC_IMPLEMENTATIONS = YES;
				CLANG_WARN_DIRECT_OBJC_ISA_USAGE = YES_ERROR;
				CLANG_WARN_DOCUMENTATION_COMMENTS = YES;
				CLANG_WARN_EMPTY_BODY = YES;
				CLANG_WARN_ENUM_CONVERSION = YES;
				CLANG_WARN_INFINITE_RECURSION = YES;
				CLANG_WARN_INT_CONVERSION = YES;
				CLANG_WARN_NON_LITERAL_NULL_CONVERSION = YES;
				CLANG_WARN_OBJC_IMPLICIT_RETAIN_SELF = YES;
				CLANG_WARN_OBJC_LITERAL_CONVERSION = YES;
				CLANG_WARN_OBJC_ROOT_CLASS = YES_ERROR;
				CLANG_WARN_QUOTED_INCLUDE_IN_FRAMEWORK_HEADER = YES;
				CLANG_WARN_RANGE_LOOP_ANALYSIS = YES;
				CLANG_WARN_STRICT_PROTOTYPES = YES;
				CLANG_WARN_SUSPICIOUS_MOVE = YES;
				CLANG_WARN_UNGUARDED_AVAILABILITY = YES_AGGRESSIVE;
				CLANG_WARN_UNREACHABLE_CODE = YES;
				CLANG_WARN__DUPLICATE_METHOD_MATCH = YES;
				COPY_PHASE_STRIP = NO;
				DEBUG_INFORMATION_FORMAT = "dwarf-with-dsym";
				ENABLE_NS_ASSERTIONS = NO;
				ENABLE_STRICT_OBJC_MSGSEND = YES;
				GCC_C_LANGUAGE_STANDARD = gnu11;
				GCC_NO_COMMON_BLOCKS = YES;
				GCC_WARN_64_TO_32_BIT_CONVERSION = YES;
				GCC_WARN_ABOUT_RETURN_TYPE = YES_ERROR;
				GCC_WARN_UNDECLARED_SELECTOR = YES;
				GCC_WARN_UNINITIALIZED_AUTOS = YES_AGGRESSIVE;
				GCC_WARN_UNUSED_FUNCTION = YES;
				GCC_WARN_UNUSED_VARIABLE = YES;
				IPHONEOS_DEPLOYMENT_TARGET = 15.2;
				MTL_ENABLE_DEBUG_INFO = NO;
				MTL_FAST_MATH = YES;
				SDKROOT = iphoneos;
				SWIFT_COMPILATION_MODE = wholemodule;
				SWIFT_OPTIMIZATION_LEVEL = "-O";
				VALIDATE_PRODUCT = YES;
			};
			name = Release;
		};
		B527BF21281F614D00AFA8DA /* Debug */ = {
			isa = XCBuildConfiguration;
			buildSettings = {
				ASSETCATALOG_COMPILER_APPICON_NAME = AppIcon;
				ASSETCATALOG_COMPILER_GLOBAL_ACCENT_COLOR_NAME = AccentColor;
				CODE_SIGN_STYLE = Automatic;
				CURRENT_PROJECT_VERSION = 1;
				DEVELOPMENT_ASSET_PATHS = "\"Just-A-Guide/Preview Content\"";
				ENABLE_PREVIEWS = YES;
				GENERATE_INFOPLIST_FILE = YES;
				INFOPLIST_KEY_UIApplicationSceneManifest_Generation = YES;
				INFOPLIST_KEY_UIApplicationSupportsIndirectInputEvents = YES;
				INFOPLIST_KEY_UILaunchScreen_Generation = YES;
				INFOPLIST_KEY_UISupportedInterfaceOrientations_iPad = "UIInterfaceOrientationPortrait UIInterfaceOrientationPortraitUpsideDown UIInterfaceOrientationLandscapeLeft UIInterfaceOrientationLandscapeRight";
				INFOPLIST_KEY_UISupportedInterfaceOrientations_iPhone = "UIInterfaceOrientationPortrait UIInterfaceOrientationLandscapeLeft UIInterfaceOrientationLandscapeRight";
				LD_RUNPATH_SEARCH_PATHS = (
					"$(inherited)",
					"@executable_path/Frameworks",
				);
				MARKETING_VERSION = 1.0;
				PRODUCT_BUNDLE_IDENTIFIER = "com.yoonah.Just-A-Guide";
				PRODUCT_NAME = "$(TARGET_NAME)";
				SWIFT_EMIT_LOC_STRINGS = YES;
				SWIFT_VERSION = 5.0;
				TARGETED_DEVICE_FAMILY = "1,2";
			};
			name = Debug;
		};
		B527BF22281F614D00AFA8DA /* Release */ = {
			isa = XCBuildConfiguration;
			buildSettings = {
				ASSETCATALOG_COMPILER_APPICON_NAME = AppIcon;
				ASSETCATALOG_COMPILER_GLOBAL_ACCENT_COLOR_NAME = AccentColor;
				CODE_SIGN_STYLE = Automatic;
				CURRENT_PROJECT_VERSION = 1;
				DEVELOPMENT_ASSET_PATHS = "\"Just-A-Guide/Preview Content\"";
				ENABLE_PREVIEWS = YES;
				GENERATE_INFOPLIST_FILE = YES;
				INFOPLIST_KEY_UIApplicationSceneManifest_Generation = YES;
				INFOPLIST_KEY_UIApplicationSupportsIndirectInputEvents = YES;
				INFOPLIST_KEY_UILaunchScreen_Generation = YES;
				INFOPLIST_KEY_UISupportedInterfaceOrientations_iPad = "UIInterfaceOrientationPortrait UIInterfaceOrientationPortraitUpsideDown UIInterfaceOrientationLandscapeLeft UIInterfaceOrientationLandscapeRight";
				INFOPLIST_KEY_UISupportedInterfaceOrientations_iPhone = "UIInterfaceOrientationPortrait UIInterfaceOrientationLandscapeLeft UIInterfaceOrientationLandscapeRight";
				LD_RUNPATH_SEARCH_PATHS = (
					"$(inherited)",
					"@executable_path/Frameworks",
				);
				MARKETING_VERSION = 1.0;
				PRODUCT_BUNDLE_IDENTIFIER = "com.yoonah.Just-A-Guide";
				PRODUCT_NAME = "$(TARGET_NAME)";
				SWIFT_EMIT_LOC_STRINGS = YES;
				SWIFT_VERSION = 5.0;
				TARGETED_DEVICE_FAMILY = "1,2";
			};
			name = Release;
		};
/* End XCBuildConfiguration section */

/* Begin XCConfigurationList section */
		B527BF08281F614C00AFA8DA /* Build configuration list for PBXProject "Just-A-Guide" */ = {
			isa = XCConfigurationList;
			buildConfigurations = (
				B527BF1E281F614D00AFA8DA /* Debug */,
				B527BF1F281F614D00AFA8DA /* Release */,
			);
			defaultConfigurationIsVisible = 0;
			defaultConfigurationName = Release;
		};
		B527BF20281F614D00AFA8DA /* Build configuration list for PBXNativeTarget "Just-A-Guide" */ = {
			isa = XCConfigurationList;
			buildConfigurations = (
				B527BF21281F614D00AFA8DA /* Debug */,
				B527BF22281F614D00AFA8DA /* Release */,
			);
			defaultConfigurationIsVisible = 0;
			defaultConfigurationName = Release;
		};
/* End XCConfigurationList section */

/* Begin XCVersionGroup section */
		B527BF1B281F614D00AFA8DA /* Just_A_Guide.xcdatamodeld */ = {
			isa = XCVersionGroup;
			children = (
				B527BF1C281F614D00AFA8DA /* Just_A_Guide.xcdatamodel */,
			);
			currentVersion = B527BF1C281F614D00AFA8DA /* Just_A_Guide.xcdatamodel */;
			path = Just_A_Guide.xcdatamodeld;
			sourceTree = "<group>";
			versionGroupType = wrapper.xcdatamodel;
		};
/* End XCVersionGroup section */
	};
	rootObject = B527BF05281F614C00AFA8DA /* Project object */;
}
